
Microsoft Visual Studio Solution File, Format Version 12.00
# Visual Studio Version 17
VisualStudioVersion = 17.3.32901.215
MinimumVisualStudioVersion = 10.0.40219.1
Project("{FAE04EC0-301F-11D3-BF4B-00C04F79EFBC}") = "05Acesso", "05Acesso\05Acesso.csproj", "{EDA18601-FB90-462C-AF9A-0BC171C959CF}"
EndProject
Global
	GlobalSection(SolutionConfigurationPlatforms) = preSolution
		Debug|Any CPU = Debug|Any CPU
		Release|Any CPU = Release|Any CPU
	EndGlobalSection
	GlobalSection(ProjectConfigurationPlatforms) = postSolution
		{EDA18601-FB90-462C-AF9A-0BC171C959CF}.Debug|Any CPU.ActiveCfg = Debug|Any CPU
		{EDA18601-FB90-462C-AF9A-0BC171C959CF}.Debug|Any CPU.Build.0 = Debug|Any CPU
		{EDA18601-FB90-462C-AF9A-0BC171C959CF}.Release|Any CPU.ActiveCfg = Release|Any CPU
		{EDA18601-FB90-462C-AF9A-0BC171C959CF}.Release|Any CPU.Build.0 = Release|Any CPU
	EndGlobalSection
	GlobalSection(SolutionProperties) = preSolution
		HideSolutionNode = FALSE
	EndGlobalSection
	GlobalSection(ExtensibilityGlobals) = postSolution
		SolutionGuid = {5ABC80DA-699B-46CA-A78F-5228B0843398}
	EndGlobalSection
EndGlobal
